
Microsoft Visual Studio Solution File, Format Version 12.00
# Visual Studio Version 17
VisualStudioVersion = 17.5.33312.197
MinimumVisualStudioVersion = 10.0.40219.1
Project("{FAE04EC0-301F-11D3-BF4B-00C04F79EFBC}") = "Server", "Server\Server.csproj", "{4A14C09D-E173-4311-BB62-9E0973D13F42}"
EndProject
Global
	GlobalSection(SolutionConfigurationPlatforms) = preSolution
		Debug|Any CPU = Debug|Any CPU
		Release|Any CPU = Release|Any CPU
	EndGlobalSection
	GlobalSection(ProjectConfigurationPlatforms) = postSolution
		{4A14C09D-E173-4311-BB62-9E0973D13F42}.Debug|Any CPU.ActiveCfg = Debug|Any CPU
		{4A14C09D-E173-4311-BB62-9E0973D13F42}.Debug|Any CPU.Build.0 = Debug|Any CPU
		{4A14C09D-E173-4311-BB62-9E0973D13F42}.Release|Any CPU.ActiveCfg = Release|Any CPU
		{4A14C09D-E173-4311-BB62-9E0973D13F42}.Release|Any CPU.Build.0 = Release|Any CPU
	EndGlobalSection
	GlobalSection(SolutionProperties) = preSolution
		HideSolutionNode = FALSE
	EndGlobalSection
	GlobalSection(ExtensibilityGlobals) = postSolution
		SolutionGuid = {DA929450-3BE2-45B9-8EED-87DA1885D228}
	EndGlobalSection
EndGlobal
